// !$*UTF8*$!
{
	archiveVersion = 1;
	classes = {
	};
	objectVersion = 46;
	objects = {

/* Begin PBXBuildFile section */
		7FE93B341B626FB100417832 /* AppDelegate.swift in Sources */ = {isa = PBXBuildFile; fileRef = 7FE93B331B626FB100417832 /* AppDelegate.swift */; };
		7FE93B361B626FB100417832 /* ViewController.swift in Sources */ = {isa = PBXBuildFile; fileRef = 7FE93B351B626FB100417832 /* ViewController.swift */; };
		7FE93B391B626FB100417832 /* Main.storyboard in Resources */ = {isa = PBXBuildFile; fileRef = 7FE93B371B626FB100417832 /* Main.storyboard */; };
		7FE93B3B1B626FB100417832 /* Images.xcassets in Resources */ = {isa = PBXBuildFile; fileRef = 7FE93B3A1B626FB100417832 /* Images.xcassets */; };
		7FE93B3E1B626FB100417832 /* LaunchScreen.xib in Resources */ = {isa = PBXBuildFile; fileRef = 7FE93B3C1B626FB100417832 /* LaunchScreen.xib */; };
		7FE93B4A1B626FB100417832 /* _____Tests.swift in Sources */ = {isa = PBXBuildFile; fileRef = 7FE93B491B626FB100417832 /* _____Tests.swift */; };
/* End PBXBuildFile section */

/* Begin PBXContainerItemProxy section */
		7FE93B441B626FB100417832 /* PBXContainerItemProxy */ = {
			isa = PBXContainerItemProxy;
			containerPortal = 7FE93B261B626FB100417832 /* Project object */;
			proxyType = 1;
			remoteGlobalIDString = 7FE93B2D1B626FB100417832;
			remoteInfo = "鬼ごっこ";
		};
/* End PBXContainerItemProxy section */

/* Begin PBXFileReference section */
		7FE93B2E1B626FB100417832 /* 鬼ごっこ.app */ = {isa = PBXFileReference; explicitFileType = wrapper.application; includeInIndex = 0; path = "鬼ごっこ.app"; sourceTree = BUILT_PRODUCTS_DIR; };
		7FE93B321B626FB100417832 /* Info.plist */ = {isa = PBXFileReference; lastKnownFileType = text.plist.xml; path = Info.plist; sourceTree = "<group>"; };
		7FE93B331B626FB100417832 /* AppDelegate.swift */ = {isa = PBXFileReference; lastKnownFileType = sourcecode.swift; path = AppDelegate.swift; sourceTree = "<group>"; };
		7FE93B351B626FB100417832 /* ViewController.swift */ = {isa = PBXFileReference; lastKnownFileType = sourcecode.swift; path = ViewController.swift; sourceTree = "<group>"; };
		7FE93B381B626FB100417832 /* Base */ = {isa = PBXFileReference; lastKnownFileType = file.storyboard; name = Base; path = Base.lproj/Main.storyboard; sourceTree = "<group>"; };
		7FE93B3A1B626FB100417832 /* Images.xcassets */ = {isa = PBXFileReference; lastKnownFileType = folder.assetcatalog; path = Images.xcassets; sourceTree = "<group>"; };
		7FE93B3D1B626FB100417832 /* Base */ = {isa = PBXFileReference; lastKnownFileType = file.xib; name = Base; path = Base.lproj/LaunchScreen.xib; sourceTree = "<group>"; };
		7FE93B431B626FB100417832 /* 鬼ごっこTests.xctest */ = {isa = PBXFileReference; explicitFileType = wrapper.cfbundle; includeInIndex = 0; path = "鬼ごっこTests.xctest"; sourceTree = BUILT_PRODUCTS_DIR; };
		7FE93B481B626FB100417832 /* Info.plist */ = {isa = PBXFileReference; lastKnownFileType = text.plist.xml; path = Info.plist; sourceTree = "<group>"; };
		7FE93B491B626FB100417832 /* _____Tests.swift */ = {isa = PBXFileReference; lastKnownFileType = sourcecode.swift; path = "_____Tests.swift"; sourceTree = "<group>"; };
/* End PBXFileReference section */

/* Begin PBXFrameworksBuildPhase section */
		7FE93B2B1B626FB100417832 /* Frameworks */ = {
			isa = PBXFrameworksBuildPhase;
			buildActionMask = 2147483647;
			files = (
			);
			runOnlyForDeploymentPostprocessing = 0;
		};
		7FE93B401B626FB100417832 /* Frameworks */ = {
			isa = PBXFrameworksBuildPhase;
			buildActionMask = 2147483647;
			files = (
			);
			runOnlyForDeploymentPostprocessing = 0;
		};
/* End PBXFrameworksBuildPhase section */

/* Begin PBXGroup section */
		7FE93B251B626FB100417832 = {
			isa = PBXGroup;
			children = (
				7FE93B301B626FB100417832 /* 鬼ごっこ */,
				7FE93B461B626FB100417832 /* 鬼ごっこTests */,
				7FE93B2F1B626FB100417832 /* Products */,
			);
			sourceTree = "<group>";
		};
		7FE93B2F1B626FB100417832 /* Products */ = {
			isa = PBXGroup;
			children = (
				7FE93B2E1B626FB100417832 /* 鬼ごっこ.app */,
				7FE93B431B626FB100417832 /* 鬼ごっこTests.xctest */,
			);
			name = Products;
			sourceTree = "<group>";
		};
		7FE93B301B626FB100417832 /* 鬼ごっこ */ = {
			isa = PBXGroup;
			children = (
				7FE93B331B626FB100417832 /* AppDelegate.swift */,
				7FE93B351B626FB100417832 /* ViewController.swift */,
				7FE93B371B626FB100417832 /* Main.storyboard */,
				7FE93B3A1B626FB100417832 /* Images.xcassets */,
				7FE93B3C1B626FB100417832 /* LaunchScreen.xib */,
				7FE93B311B626FB100417832 /* Supporting Files */,
			);
			path = "鬼ごっこ";
			sourceTree = "<group>";
		};
		7FE93B311B626FB100417832 /* Supporting Files */ = {
			isa = PBXGroup;
			children = (
				7FE93B321B626FB100417832 /* Info.plist */,
			);
			name = "Supporting Files";
			sourceTree = "<group>";
		};
		7FE93B461B626FB100417832 /* 鬼ごっこTests */ = {
			isa = PBXGroup;
			children = (
				7FE93B491B626FB100417832 /* _____Tests.swift */,
				7FE93B471B626FB100417832 /* Supporting Files */,
			);
			path = "鬼ごっこTests";
			sourceTree = "<group>";
		};
		7FE93B471B626FB100417832 /* Supporting Files */ = {
			isa = PBXGroup;
			children = (
				7FE93B481B626FB100417832 /* Info.plist */,
			);
			name = "Supporting Files";
			sourceTree = "<group>";
		};
/* End PBXGroup section */

/* Begin PBXNativeTarget section */
		7FE93B2D1B626FB100417832 /* 鬼ごっこ */ = {
			isa = PBXNativeTarget;
			buildConfigurationList = 7FE93B4D1B626FB100417832 /* Build configuration list for PBXNativeTarget "鬼ごっこ" */;
			buildPhases = (
				7FE93B2A1B626FB100417832 /* Sources */,
				7FE93B2B1B626FB100417832 /* Frameworks */,
				7FE93B2C1B626FB100417832 /* Resources */,
			);
			buildRules = (
			);
			dependencies = (
			);
			name = "鬼ごっこ";
			productName = "鬼ごっこ";
			productReference = 7FE93B2E1B626FB100417832 /* 鬼ごっこ.app */;
			productType = "com.apple.product-type.application";
		};
		7FE93B421B626FB100417832 /* 鬼ごっこTests */ = {
			isa = PBXNativeTarget;
			buildConfigurationList = 7FE93B501B626FB100417832 /* Build configuration list for PBXNativeTarget "鬼ごっこTests" */;
			buildPhases = (
				7FE93B3F1B626FB100417832 /* Sources */,
				7FE93B401B626FB100417832 /* Frameworks */,
				7FE93B411B626FB100417832 /* Resources */,
			);
			buildRules = (
			);
			dependencies = (
				7FE93B451B626FB100417832 /* PBXTargetDependency */,
			);
			name = "鬼ごっこTests";
			productName = "鬼ごっこTests";
			productReference = 7FE93B431B626FB100417832 /* 鬼ごっこTests.xctest */;
			productType = "com.apple.product-type.bundle.unit-test";
		};
/* End PBXNativeTarget section */

/* Begin PBXProject section */
		7FE93B261B626FB100417832 /* Project object */ = {
			isa = PBXProject;
			attributes = {
				LastUpgradeCheck = 0640;
				ORGANIZATIONNAME = "reo harada";
				TargetAttributes = {
					7FE93B2D1B626FB100417832 = {
						CreatedOnToolsVersion = 6.4;
					};
					7FE93B421B626FB100417832 = {
						CreatedOnToolsVersion = 6.4;
						TestTargetID = 7FE93B2D1B626FB100417832;
					};
				};
			};
			buildConfigurationList = 7FE93B291B626FB100417832 /* Build configuration list for PBXProject "鬼ごっこ" */;
			compatibilityVersion = "Xcode 3.2";
			developmentRegion = English;
			hasScannedForEncodings = 0;
			knownRegions = (
				en,
				Base,
			);
			mainGroup = 7FE93B251B626FB100417832;
			productRefGroup = 7FE93B2F1B626FB100417832 /* Products */;
			projectDirPath = "";
			projectRoot = "";
			targets = (
				7FE93B2D1B626FB100417832 /* 鬼ごっこ */,
				7FE93B421B626FB100417832 /* 鬼ごっこTests */,
			);
		};
/* End PBXProject section */

/* Begin PBXResourcesBuildPhase section */
		7FE93B2C1B626FB100417832 /* Resources */ = {
			isa = PBXResourcesBuildPhase;
			buildActionMask = 2147483647;
			files = (
				7FE93B391B626FB100417832 /* Main.storyboard in Resources */,
				7FE93B3E1B626FB100417832 /* LaunchScreen.xib in Resources */,
				7FE93B3B1B626FB100417832 /* Images.xcassets in Resources */,
			);
			runOnlyForDeploymentPostprocessing = 0;
		};
		7FE93B411B626FB100417832 /* Resources */ = {
			isa = PBXResourcesBuildPhase;
			buildActionMask = 2147483647;
			files = (
			);
			runOnlyForDeploymentPostprocessing = 0;
		};
/* End PBXResourcesBuildPhase section */

/* Begin PBXSourcesBuildPhase section */
		7FE93B2A1B626FB100417832 /* Sources */ = {
			isa = PBXSourcesBuildPhase;
			buildActionMask = 2147483647;
			files = (
				7FE93B361B626FB100417832 /* ViewController.swift in Sources */,
				7FE93B341B626FB100417832 /* AppDelegate.swift in Sources */,
			);
			runOnlyForDeploymentPostprocessing = 0;
		};
		7FE93B3F1B626FB100417832 /* Sources */ = {
			isa = PBXSourcesBuildPhase;
			buildActionMask = 2147483647;
			files = (
				7FE93B4A1B626FB100417832 /* _____Tests.swift in Sources */,
			);
			runOnlyForDeploymentPostprocessing = 0;
		};
/* End PBXSourcesBuildPhase section */

/* Begin PBXTargetDependency section */
		7FE93B451B626FB100417832 /* PBXTargetDependency */ = {
			isa = PBXTargetDependency;
			target = 7FE93B2D1B626FB100417832 /* 鬼ごっこ */;
			targetProxy = 7FE93B441B626FB100417832 /* PBXContainerItemProxy */;
		};
/* End PBXTargetDependency section */

/* Begin PBXVariantGroup section */
		7FE93B371B626FB100417832 /* Main.storyboard */ = {
			isa = PBXVariantGroup;
			children = (
				7FE93B381B626FB100417832 /* Base */,
			);
			name = Main.storyboard;
			sourceTree = "<group>";
		};
		7FE93B3C1B626FB100417832 /* LaunchScreen.xib */ = {
			isa = PBXVariantGroup;
			children = (
				7FE93B3D1B626FB100417832 /* Base */,
			);
			name = LaunchScreen.xib;
			sourceTree = "<group>";
		};
/* End PBXVariantGroup section */

/* Begin XCBuildConfiguration section */
		7FE93B4B1B626FB100417832 /* Debug */ = {
			isa = XCBuildConfiguration;
			buildSettings = {
				ALWAYS_SEARCH_USER_PATHS = NO;
				CLANG_CXX_LANGUAGE_STANDARD = "gnu++0x";
				CLANG_CXX_LIBRARY = "libc++";
				CLANG_ENABLE_MODULES = YES;
				CLANG_ENABLE_OBJC_ARC = YES;
				CLANG_WARN_BOOL_CONVERSION = YES;
				CLANG_WARN_CONSTANT_CONVERSION = YES;
				CLANG_WARN_DIRECT_OBJC_ISA_USAGE = YES_ERROR;
				CLANG_WARN_EMPTY_BODY = YES;
				CLANG_WARN_ENUM_CONVERSION = YES;
				CLANG_WARN_INT_CONVERSION = YES;
				CLANG_WARN_OBJC_ROOT_CLASS = YES_ERROR;
				CLANG_WARN_UNREACHABLE_CODE = YES;
				CLANG_WARN__DUPLICATE_METHOD_MATCH = YES;
				"CODE_SIGN_IDENTITY[sdk=iphoneos*]" = "iPhone Developer";
				COPY_PHASE_STRIP = NO;
				DEBUG_INFORMATION_FORMAT = "dwarf-with-dsym";
				ENABLE_STRICT_OBJC_MSGSEND = YES;
				GCC_C_LANGUAGE_STANDARD = gnu99;
				GCC_DYNAMIC_NO_PIC = NO;
				GCC_NO_COMMON_BLOCKS = YES;
				GCC_OPTIMIZATION_LEVEL = 0;
				GCC_PREPROCESSOR_DEFINITIONS = (
					"DEBUG=1",
					"$(inherited)",
				);
				GCC_SYMBOLS_PRIVATE_EXTERN = NO;
				GCC_WARN_64_TO_32_BIT_CONVERSION = YES;
				GCC_WARN_ABOUT_RETURN_TYPE = YES_ERROR;
				GCC_WARN_UNDECLARED_SELECTOR = YES;
				GCC_WARN_UNINITIALIZED_AUTOS = YES_AGGRESSIVE;
				GCC_WARN_UNUSED_FUNCTION = YES;
				GCC_WARN_UNUSED_VARIABLE = YES;
				IPHONEOS_DEPLOYMENT_TARGET = 8.4;
				MTL_ENABLE_DEBUG_INFO = YES;
				ONLY_ACTIVE_ARCH = YES;
				SDKROOT = iphoneos;
				SWIFT_OPTIMIZATION_LEVEL = "-Onone";
			};
			name = Debug;
		};
		7FE93B4C1B626FB100417832 /* Release */ = {
			isa = XCBuildConfiguration;
			buildSettings = {
				ALWAYS_SEARCH_USER_PATHS = NO;
				CLANG_CXX_LANGUAGE_STANDARD = "gnu++0x";
				CLANG_CXX_LIBRARY = "libc++";
				CLANG_ENABLE_MODULES = YES;
				CLANG_ENABLE_OBJC_ARC = YES;
				CLANG_WARN_BOOL_CONVERSION = YES;
				CLANG_WARN_CONSTANT_CONVERSION = YES;
				CLANG_WARN_DIRECT_OBJC_ISA_USAGE = YES_ERROR;
				CLANG_WARN_EMPTY_BODY = YES;
				CLANG_WARN_ENUM_CONVERSION = YES;
				CLANG_WARN_INT_CONVERSION = YES;
				CLANG_WARN_OBJC_ROOT_CLASS = YES_ERROR;
				CLANG_WARN_UNREACHABLE_CODE = YES;
				CLANG_WARN__DUPLICATE_METHOD_MATCH = YES;
				"CODE_SIGN_IDENTITY[sdk=iphoneos*]" = "iPhone Developer";
				COPY_PHASE_STRIP = NO;
				DEBUG_INFORMATION_FORMAT = "dwarf-with-dsym";
				ENABLE_NS_ASSERTIONS = NO;
				ENABLE_STRICT_OBJC_MSGSEND = YES;
				GCC_C_LANGUAGE_STANDARD = gnu99;
				GCC_NO_COMMON_BLOCKS = YES;
				GCC_WARN_64_TO_32_BIT_CONVERSION = YES;
				GCC_WARN_ABOUT_RETURN_TYPE = YES_ERROR;
				GCC_WARN_UNDECLARED_SELECTOR = YES;
				GCC_WARN_UNINITIALIZED_AUTOS = YES_AGGRESSIVE;
				GCC_WARN_UNUSED_FUNCTION = YES;
				GCC_WARN_UNUSED_VARIABLE = YES;
				IPHONEOS_DEPLOYMENT_TARGET = 8.4;
				MTL_ENABLE_DEBUG_INFO = NO;
				SDKROOT = iphoneos;
				VALIDATE_PRODUCT = YES;
			};
			name = Release;
		};
		7FE93B4E1B626FB100417832 /* Debug */ = {
			isa = XCBuildConfiguration;
			buildSettings = {
				ASSETCATALOG_COMPILER_APPICON_NAME = AppIcon;
				INFOPLIST_FILE = "鬼ごっこ/Info.plist";
				LD_RUNPATH_SEARCH_PATHS = "$(inherited) @executable_path/Frameworks";
				PRODUCT_NAME = "$(TARGET_NAME)";
			};
			name = Debug;
		};
		7FE93B4F1B626FB100417832 /* Release */ = {
			isa = XCBuildConfiguration;
			buildSettings = {
				ASSETCATALOG_COMPILER_APPICON_NAME = AppIcon;
				INFOPLIST_FILE = "鬼ごっこ/Info.plist";
				LD_RUNPATH_SEARCH_PATHS = "$(inherited) @executable_path/Frameworks";
				PRODUCT_NAME = "$(TARGET_NAME)";
			};
			name = Release;
		};
		7FE93B511B626FB100417832 /* Debug */ = {
			isa = XCBuildConfiguration;
			buildSettings = {
				BUNDLE_LOADER = "$(TEST_HOST)";
				FRAMEWORK_SEARCH_PATHS = (
					"$(SDKROOT)/Developer/Library/Frameworks",
					"$(inherited)",
				);
				GCC_PREPROCESSOR_DEFINITIONS = (
					"DEBUG=1",
					"$(inherited)",
				);
				INFOPLIST_FILE = "鬼ごっこTests/Info.plist";
				LD_RUNPATH_SEARCH_PATHS = "$(inherited) @executable_path/Frameworks @loader_path/Frameworks";
				PRODUCT_NAME = "$(TARGET_NAME)";
				TEST_HOST = "$(BUILT_PRODUCTS_DIR)/鬼ごっこ.app/鬼ごっこ";
			};
			name = Debug;
		};
		7FE93B521B626FB100417832 /* Release */ = {
			isa = XCBuildConfiguration;
			buildSettings = {
				BUNDLE_LOADER = "$(TEST_HOST)";
				FRAMEWORK_SEARCH_PATHS = (
					"$(SDKROOT)/Developer/Library/Frameworks",
					"$(inherited)",
				);
				INFOPLIST_FILE = "鬼ごっこTests/Info.plist";
				LD_RUNPATH_SEARCH_PATHS = "$(inherited) @executable_path/Frameworks @loader_path/Frameworks";
				PRODUCT_NAME = "$(TARGET_NAME)";
				TEST_HOST = "$(BUILT_PRODUCTS_DIR)/鬼ごっこ.app/鬼ごっこ";
			};
			name = Release;
		};
/* End XCBuildConfiguration section */

/* Begin XCConfigurationList section */
		7FE93B291B626FB100417832 /* Build configuration list for PBXProject "鬼ごっこ" */ = {
			isa = XCConfigurationList;
			buildConfigurations = (
				7FE93B4B1B626FB100417832 /* Debug */,
				7FE93B4C1B626FB100417832 /* Release */,
			);
			defaultConfigurationIsVisible = 0;
			defaultConfigurationName = Release;
		};
		7FE93B4D1B626FB100417832 /* Build configuration list for PBXNativeTarget "鬼ごっこ" */ = {
			isa = XCConfigurationList;
			buildConfigurations = (
				7FE93B4E1B626FB100417832 /* Debug */,
				7FE93B4F1B626FB100417832 /* Release */,
			);
			defaultConfigurationIsVisible = 0;
		};
		7FE93B501B626FB100417832 /* Build configuration list for PBXNativeTarget "鬼ごっこTests" */ = {
			isa = XCConfigurationList;
			buildConfigurations = (
				7FE93B511B626FB100417832 /* Debug */,
				7FE93B521B626FB100417832 /* Release */,
			);
			defaultConfigurationIsVisible = 0;
		};
/* End XCConfigurationList section */
	};
	rootObject = 7FE93B261B626FB100417832 /* Project object */;
}
